
Microsoft Visual Studio Solution File, Format Version 12.00
# Visual Studio Version 17
VisualStudioVersion = 17.5.002.0
MinimumVisualStudioVersion = 10.0.40219.1
Project("{2150E333-8FDC-42A3-9474-1A3956D46DE8}") = ".Net core", ".Net core", "{45713CAF-EB22-4D12-9235-AB6853980923}"
EndProject
Project("{9A19103F-16F7-4668-BE54-9A1E7A4F7556}") = "ClassicIE", ".Net core\ClassicIE-master\ClassicIE.csproj", "{6AE249B1-02E1-4F5F-9C19-7A43FEE475AB}"
EndProject
Global
	GlobalSection(SolutionConfigurationPlatforms) = preSolution
		Debug|Any CPU = Debug|Any CPU
		Release|Any CPU = Release|Any CPU
	EndGlobalSection
	GlobalSection(ProjectConfigurationPlatforms) = postSolution
		{6AE249B1-02E1-4F5F-9C19-7A43FEE475AB}.Debug|Any CPU.ActiveCfg = Debug|Any CPU
		{6AE249B1-02E1-4F5F-9C19-7A43FEE475AB}.Debug|Any CPU.Build.0 = Debug|Any CPU
		{6AE249B1-02E1-4F5F-9C19-7A43FEE475AB}.Release|Any CPU.ActiveCfg = Release|Any CPU
		{6AE249B1-02E1-4F5F-9C19-7A43FEE475AB}.Release|Any CPU.Build.0 = Release|Any CPU
	EndGlobalSection
	GlobalSection(SolutionProperties) = preSolution
		HideSolutionNode = FALSE
	EndGlobalSection
	GlobalSection(NestedProjects) = preSolution
		{6AE249B1-02E1-4F5F-9C19-7A43FEE475AB} = {45713CAF-EB22-4D12-9235-AB6853980923}
	EndGlobalSection
	GlobalSection(ExtensibilityGlobals) = postSolution
		SolutionGuid = {20F74E21-D078-42B2-BC2F-CEBFD18263E6}
	EndGlobalSection
EndGlobal
