
Microsoft Visual Studio Solution File, Format Version 12.00
# Visual Studio Version 17
VisualStudioVersion = 17.7.34221.43
MinimumVisualStudioVersion = 10.0.40219.1
Project("{FAE04EC0-301F-11D3-BF4B-00C04F79EFBC}") = "DB2Tests", "DB2Tests\DB2Tests.csproj", "{3A3E3D60-CC6E-4CAC-A8F5-65DF7C2887AB}"
EndProject
Global
	GlobalSection(SolutionConfigurationPlatforms) = preSolution
		Debug|ARM = Debug|ARM
		Debug|ARM64 = Debug|ARM64
		Debug|x64 = Debug|x64
		Debug|x86 = Debug|x86
		Release|ARM = Release|ARM
		Release|ARM64 = Release|ARM64
		Release|x64 = Release|x64
		Release|x86 = Release|x86
	EndGlobalSection
	GlobalSection(ProjectConfigurationPlatforms) = postSolution
		{3A3E3D60-CC6E-4CAC-A8F5-65DF7C2887AB}.Debug|ARM.ActiveCfg = Debug|ARM
		{3A3E3D60-CC6E-4CAC-A8F5-65DF7C2887AB}.Debug|ARM.Build.0 = Debug|ARM
		{3A3E3D60-CC6E-4CAC-A8F5-65DF7C2887AB}.Debug|ARM.Deploy.0 = Debug|ARM
		{3A3E3D60-CC6E-4CAC-A8F5-65DF7C2887AB}.Debug|ARM64.ActiveCfg = Debug|ARM64
		{3A3E3D60-CC6E-4CAC-A8F5-65DF7C2887AB}.Debug|ARM64.Build.0 = Debug|ARM64
		{3A3E3D60-CC6E-4CAC-A8F5-65DF7C2887AB}.Debug|ARM64.Deploy.0 = Debug|ARM64
		{3A3E3D60-CC6E-4CAC-A8F5-65DF7C2887AB}.Debug|x64.ActiveCfg = Debug|x64
		{3A3E3D60-CC6E-4CAC-A8F5-65DF7C2887AB}.Debug|x64.Build.0 = Debug|x64
		{3A3E3D60-CC6E-4CAC-A8F5-65DF7C2887AB}.Debug|x64.Deploy.0 = Debug|x64
		{3A3E3D60-CC6E-4CAC-A8F5-65DF7C2887AB}.Debug|x86.ActiveCfg = Debug|x86
		{3A3E3D60-CC6E-4CAC-A8F5-65DF7C2887AB}.Debug|x86.Build.0 = Debug|x86
		{3A3E3D60-CC6E-4CAC-A8F5-65DF7C2887AB}.Debug|x86.Deploy.0 = Debug|x86
		{3A3E3D60-CC6E-4CAC-A8F5-65DF7C2887AB}.Release|ARM.ActiveCfg = Release|ARM
		{3A3E3D60-CC6E-4CAC-A8F5-65DF7C2887AB}.Release|ARM.Build.0 = Release|ARM
		{3A3E3D60-CC6E-4CAC-A8F5-65DF7C2887AB}.Release|ARM.Deploy.0 = Release|ARM
		{3A3E3D60-CC6E-4CAC-A8F5-65DF7C2887AB}.Release|ARM64.ActiveCfg = Release|ARM64
		{3A3E3D60-CC6E-4CAC-A8F5-65DF7C2887AB}.Release|ARM64.Build.0 = Release|ARM64
		{3A3E3D60-CC6E-4CAC-A8F5-65DF7C2887AB}.Release|ARM64.Deploy.0 = Release|ARM64
		{3A3E3D60-CC6E-4CAC-A8F5-65DF7C2887AB}.Release|x64.ActiveCfg = Release|x64
		{3A3E3D60-CC6E-4CAC-A8F5-65DF7C2887AB}.Release|x64.Build.0 = Release|x64
		{3A3E3D60-CC6E-4CAC-A8F5-65DF7C2887AB}.Release|x64.Deploy.0 = Release|x64
		{3A3E3D60-CC6E-4CAC-A8F5-65DF7C2887AB}.Release|x86.ActiveCfg = Release|x86
		{3A3E3D60-CC6E-4CAC-A8F5-65DF7C2887AB}.Release|x86.Build.0 = Release|x86
		{3A3E3D60-CC6E-4CAC-A8F5-65DF7C2887AB}.Release|x86.Deploy.0 = Release|x86
	EndGlobalSection
	GlobalSection(SolutionProperties) = preSolution
		HideSolutionNode = FALSE
	EndGlobalSection
	GlobalSection(ExtensibilityGlobals) = postSolution
		SolutionGuid = {970CE700-4B24-43D3-A4C4-1B09CA72D9C7}
	EndGlobalSection
EndGlobal
